
Microsoft Visual Studio Solution File, Format Version 12.00
# Visual Studio 15
VisualStudioVersion = 15.0.28307.902
MinimumVisualStudioVersion = 10.0.40219.1
Project("{9A19103F-16F7-4668-BE54-9A1E7A4F7556}") = "AngleX.MQ", "AngleX.MQ\AngleX.MQ.csproj", "{10DA7A9E-69D9-47B1-A643-17B43EDE67AA}"
EndProject
Project("{FAE04EC0-301F-11D3-BF4B-00C04F79EFBC}") = "MQDotCoreTest", "MQDotCoreTest\MQDotCoreTest.csproj", "{ABBB03E0-484F-47E5-99D0-BADB6FF07951}"
EndProject
Project("{FAE04EC0-301F-11D3-BF4B-00C04F79EFBC}") = "MQDotNetTest", "MQDotNetTest\MQDotNetTest.csproj", "{3B893C82-FA4D-44E5-B850-7AE674C961A1}"
EndProject
Global
	GlobalSection(SolutionConfigurationPlatforms) = preSolution
		Debug|Any CPU = Debug|Any CPU
		Release|Any CPU = Release|Any CPU
	EndGlobalSection
	GlobalSection(ProjectConfigurationPlatforms) = postSolution
		{10DA7A9E-69D9-47B1-A643-17B43EDE67AA}.Debug|Any CPU.ActiveCfg = Debug|Any CPU
		{10DA7A9E-69D9-47B1-A643-17B43EDE67AA}.Debug|Any CPU.Build.0 = Debug|Any CPU
		{10DA7A9E-69D9-47B1-A643-17B43EDE67AA}.Release|Any CPU.ActiveCfg = Release|Any CPU
		{10DA7A9E-69D9-47B1-A643-17B43EDE67AA}.Release|Any CPU.Build.0 = Release|Any CPU
		{ABBB03E0-484F-47E5-99D0-BADB6FF07951}.Debug|Any CPU.ActiveCfg = Debug|Any CPU
		{ABBB03E0-484F-47E5-99D0-BADB6FF07951}.Debug|Any CPU.Build.0 = Debug|Any CPU
		{ABBB03E0-484F-47E5-99D0-BADB6FF07951}.Release|Any CPU.ActiveCfg = Release|Any CPU
		{ABBB03E0-484F-47E5-99D0-BADB6FF07951}.Release|Any CPU.Build.0 = Release|Any CPU
		{3B893C82-FA4D-44E5-B850-7AE674C961A1}.Debug|Any CPU.ActiveCfg = Debug|Any CPU
		{3B893C82-FA4D-44E5-B850-7AE674C961A1}.Debug|Any CPU.Build.0 = Debug|Any CPU
		{3B893C82-FA4D-44E5-B850-7AE674C961A1}.Release|Any CPU.ActiveCfg = Release|Any CPU
		{3B893C82-FA4D-44E5-B850-7AE674C961A1}.Release|Any CPU.Build.0 = Release|Any CPU
	EndGlobalSection
	GlobalSection(SolutionProperties) = preSolution
		HideSolutionNode = FALSE
	EndGlobalSection
	GlobalSection(ExtensibilityGlobals) = postSolution
		SolutionGuid = {66ECDA2A-626E-45D2-8195-E0E139EC52F1}
	EndGlobalSection
EndGlobal
