
Microsoft Visual Studio Solution File, Format Version 12.00
# Visual Studio 15
VisualStudioVersion = 15.0.28307.902
MinimumVisualStudioVersion = 10.0.40219.1
Project("{FAE04EC0-301F-11D3-BF4B-00C04F79EFBC}") = "AngleX.MQ", "AngleX.MQ\AngleX.MQ.csproj", "{10DA7A9E-69D9-47B1-A643-17B43EDE67AA}"
EndProject
Global
	GlobalSection(SolutionConfigurationPlatforms) = preSolution
		Debug|Any CPU = Debug|Any CPU
		Release|Any CPU = Release|Any CPU
	EndGlobalSection
	GlobalSection(ProjectConfigurationPlatforms) = postSolution
		{10DA7A9E-69D9-47B1-A643-17B43EDE67AA}.Debug|Any CPU.ActiveCfg = Debug|Any CPU
		{10DA7A9E-69D9-47B1-A643-17B43EDE67AA}.Debug|Any CPU.Build.0 = Debug|Any CPU
		{10DA7A9E-69D9-47B1-A643-17B43EDE67AA}.Release|Any CPU.ActiveCfg = Release|Any CPU
		{10DA7A9E-69D9-47B1-A643-17B43EDE67AA}.Release|Any CPU.Build.0 = Release|Any CPU
	EndGlobalSection
	GlobalSection(SolutionProperties) = preSolution
		HideSolutionNode = FALSE
	EndGlobalSection
	GlobalSection(ExtensibilityGlobals) = postSolution
		SolutionGuid = {66ECDA2A-626E-45D2-8195-E0E139EC52F1}
	EndGlobalSection
EndGlobal
