
Microsoft Visual Studio Solution File, Format Version 12.00
# Visual Studio Version 16
VisualStudioVersion = 16.0.32106.194
MinimumVisualStudioVersion = 10.0.40219.1
Project("{9A19103F-16F7-4668-BE54-9A1E7A4F7556}") = "IDTest", "IDTest\IDTest.csproj", "{691FCCE3-B210-4728-A83F-110CB5067FA0}"
EndProject
Project("{9A19103F-16F7-4668-BE54-9A1E7A4F7556}") = "XIDServiceLocal", "XIDServiceLocal\XIDServiceLocal.csproj", "{B4BA87AF-9F5B-4041-BA5B-E283C68F0054}"
EndProject
Project("{9A19103F-16F7-4668-BE54-9A1E7A4F7556}") = "XIDServLocalExtensions", "XIDServLocalExtensions\XIDServLocalExtensions.csproj", "{6082FFE1-0048-41FD-A8BB-2AB25031D882}"
EndProject
Project("{9A19103F-16F7-4668-BE54-9A1E7A4F7556}") = "IDTestMySql", "IDTestMySql\IDTestMySql.csproj", "{5DA5D6AE-CED0-4826-8E2F-441F93590C7D}"
EndProject
Project("{9A19103F-16F7-4668-BE54-9A1E7A4F7556}") = "XIDServLocalMySqlExtensions", "XIDServLocalMySqlExtensions\XIDServLocalMySqlExtensions.csproj", "{A11372E5-035C-4F23-96D3-F064EC006188}"
EndProject
Global
	GlobalSection(SolutionConfigurationPlatforms) = preSolution
		Debug|Any CPU = Debug|Any CPU
		Release|Any CPU = Release|Any CPU
	EndGlobalSection
	GlobalSection(ProjectConfigurationPlatforms) = postSolution
		{691FCCE3-B210-4728-A83F-110CB5067FA0}.Debug|Any CPU.ActiveCfg = Debug|Any CPU
		{691FCCE3-B210-4728-A83F-110CB5067FA0}.Debug|Any CPU.Build.0 = Debug|Any CPU
		{691FCCE3-B210-4728-A83F-110CB5067FA0}.Release|Any CPU.ActiveCfg = Release|Any CPU
		{691FCCE3-B210-4728-A83F-110CB5067FA0}.Release|Any CPU.Build.0 = Release|Any CPU
		{B4BA87AF-9F5B-4041-BA5B-E283C68F0054}.Debug|Any CPU.ActiveCfg = Debug|Any CPU
		{B4BA87AF-9F5B-4041-BA5B-E283C68F0054}.Debug|Any CPU.Build.0 = Debug|Any CPU
		{B4BA87AF-9F5B-4041-BA5B-E283C68F0054}.Release|Any CPU.ActiveCfg = Release|Any CPU
		{B4BA87AF-9F5B-4041-BA5B-E283C68F0054}.Release|Any CPU.Build.0 = Release|Any CPU
		{6082FFE1-0048-41FD-A8BB-2AB25031D882}.Debug|Any CPU.ActiveCfg = Debug|Any CPU
		{6082FFE1-0048-41FD-A8BB-2AB25031D882}.Debug|Any CPU.Build.0 = Debug|Any CPU
		{6082FFE1-0048-41FD-A8BB-2AB25031D882}.Release|Any CPU.ActiveCfg = Release|Any CPU
		{6082FFE1-0048-41FD-A8BB-2AB25031D882}.Release|Any CPU.Build.0 = Release|Any CPU
		{5DA5D6AE-CED0-4826-8E2F-441F93590C7D}.Debug|Any CPU.ActiveCfg = Debug|Any CPU
		{5DA5D6AE-CED0-4826-8E2F-441F93590C7D}.Debug|Any CPU.Build.0 = Debug|Any CPU
		{5DA5D6AE-CED0-4826-8E2F-441F93590C7D}.Release|Any CPU.ActiveCfg = Release|Any CPU
		{5DA5D6AE-CED0-4826-8E2F-441F93590C7D}.Release|Any CPU.Build.0 = Release|Any CPU
		{A11372E5-035C-4F23-96D3-F064EC006188}.Debug|Any CPU.ActiveCfg = Debug|Any CPU
		{A11372E5-035C-4F23-96D3-F064EC006188}.Debug|Any CPU.Build.0 = Debug|Any CPU
		{A11372E5-035C-4F23-96D3-F064EC006188}.Release|Any CPU.ActiveCfg = Release|Any CPU
		{A11372E5-035C-4F23-96D3-F064EC006188}.Release|Any CPU.Build.0 = Release|Any CPU
	EndGlobalSection
	GlobalSection(SolutionProperties) = preSolution
		HideSolutionNode = FALSE
	EndGlobalSection
	GlobalSection(ExtensibilityGlobals) = postSolution
		SolutionGuid = {0F7537BF-85F1-4D59-92F2-24DF5A9711F2}
	EndGlobalSection
EndGlobal
